{
  "requires": true,
  "lockfileVersion": 1,
  "dependencies": {
    "testkunda": {
      "version": "0.0.1",
      "resolved": "https://registry.npmjs.org/testkunda/-/testkunda-0.0.1.tgz",
      "integrity": "sha512-G2VeqGpXZsQZjxeUho9gnAynadEzJ42AeR03cTolD0B2upN6dygcjGgNNRkV+apK+GRNy6mteW2vY9ASHKyMug=="
    }
  }
}
